// !$*UTF8*$!
{
	archiveVersion = 1;
	classes = {
	};
	objectVersion = 50;
	objects = {

/* Begin PBXBuildFile section */
		5609DA6E26F016E900E250E0 /* MapViewController.swift in Sources */ = {isa = PBXBuildFile; fileRef = 5609DA6D26F016E900E250E0 /* MapViewController.swift */; };
		5609DA7026F0171900E250E0 /* MapView.swift in Sources */ = {isa = PBXBuildFile; fileRef = 5609DA6F26F0171900E250E0 /* MapView.swift */; };
		5609DA7226F0242E00E250E0 /* CloseUpMapView.swift in Sources */ = {isa = PBXBuildFile; fileRef = 5609DA7126F0242E00E250E0 /* CloseUpMapView.swift */; };
		561808C426C749A600480A2E /* AppDelegate.swift in Sources */ = {isa = PBXBuildFile; fileRef = 561808C326C749A600480A2E /* AppDelegate.swift */; };
		561808C626C749A600480A2E /* SceneDelegate.swift in Sources */ = {isa = PBXBuildFile; fileRef = 561808C526C749A600480A2E /* SceneDelegate.swift */; };
		561808C826C749A600480A2E /* ContentView.swift in Sources */ = {isa = PBXBuildFile; fileRef = 561808C726C749A600480A2E /* ContentView.swift */; };
		561808CA26C749A800480A2E /* Assets.xcassets in Resources */ = {isa = PBXBuildFile; fileRef = 561808C926C749A800480A2E /* Assets.xcassets */; };
		561808CD26C749A800480A2E /* Preview Assets.xcassets in Resources */ = {isa = PBXBuildFile; fileRef = 561808CC26C749A800480A2E /* Preview Assets.xcassets */; };
		561808D026C749A800480A2E /* LaunchScreen.storyboard in Resources */ = {isa = PBXBuildFile; fileRef = 561808CE26C749A800480A2E /* LaunchScreen.storyboard */; };
		5627B66F26E96A3B005A1B1C /* HistoryDetailView.swift in Sources */ = {isa = PBXBuildFile; fileRef = 5627B66E26E96A3B005A1B1C /* HistoryDetailView.swift */; };
		5627B67326E973C3005A1B1C /* RootTabView.swift in Sources */ = {isa = PBXBuildFile; fileRef = 5627B67226E973C3005A1B1C /* RootTabView.swift */; };
		5627B67526E978BE005A1B1C /* ConfirmView.swift in Sources */ = {isa = PBXBuildFile; fileRef = 5627B67426E978BE005A1B1C /* ConfirmView.swift */; };
		5627FCCF26CD7DDF00468F7E /* OrderListView.swift in Sources */ = {isa = PBXBuildFile; fileRef = 5627FCCE26CD7DDF00468F7E /* OrderListView.swift */; };
		5627FCD126CD825200468F7E /* MenuListView.swift in Sources */ = {isa = PBXBuildFile; fileRef = 5627FCD026CD825200468F7E /* MenuListView.swift */; };
		5627FCD326CD82F300468F7E /* ContentHeaderView.swift in Sources */ = {isa = PBXBuildFile; fileRef = 5627FCD226CD82F300468F7E /* ContentHeaderView.swift */; };
		5627FCD526CD86CA00468F7E /* OrderRowView.swift in Sources */ = {isa = PBXBuildFile; fileRef = 5627FCD426CD86CA00468F7E /* OrderRowView.swift */; };
		5627FCD726CD873C00468F7E /* MenuRowView.swift in Sources */ = {isa = PBXBuildFile; fileRef = 5627FCD626CD873C00468F7E /* MenuRowView.swift */; };
		5627FCD926CD877B00468F7E /* RatingsView.swift in Sources */ = {isa = PBXBuildFile; fileRef = 5627FCD826CD877B00468F7E /* RatingsView.swift */; };
		5627FCDB26CD880400468F7E /* PageTitleView.swift in Sources */ = {isa = PBXBuildFile; fileRef = 5627FCDA26CD880400468F7E /* PageTitleView.swift */; };
		5627FCDD26CDE3BE00468F7E /* HistoryRowView.swift in Sources */ = {isa = PBXBuildFile; fileRef = 5627FCDC26CDE3BE00468F7E /* HistoryRowView.swift */; };
		5627FCDF26CDE3F600468F7E /* HistoryListView.swift in Sources */ = {isa = PBXBuildFile; fileRef = 5627FCDE26CDE3F600468F7E /* HistoryListView.swift */; };
		5627FCE126CDE42100468F7E /* HistoryView.swift in Sources */ = {isa = PBXBuildFile; fileRef = 5627FCE026CDE42100468F7E /* HistoryView.swift */; };
		5627FCE326CF23BE00468F7E /* ListHeaderView.swift in Sources */ = {isa = PBXBuildFile; fileRef = 5627FCE226CF23BE00468F7E /* ListHeaderView.swift */; };
		5627FCE526D4BB1A00468F7E /* SelectedImageView.swift in Sources */ = {isa = PBXBuildFile; fileRef = 5627FCE426D4BB1A00468F7E /* SelectedImageView.swift */; };
		5627FCEB26D985BA00468F7E /* HistoryModel.swift in Sources */ = {isa = PBXBuildFile; fileRef = 5627FCE826D985BA00468F7E /* HistoryModel.swift */; };
		5627FCEC26D985BA00468F7E /* MenuModel.swift in Sources */ = {isa = PBXBuildFile; fileRef = 5627FCE926D985BA00468F7E /* MenuModel.swift */; };
		5627FCED26D985BA00468F7E /* OrderModel.swift in Sources */ = {isa = PBXBuildFile; fileRef = 5627FCEA26D985BA00468F7E /* OrderModel.swift */; };
		5650B42626E064F200A7C2C0 /* MenuDetailView.swift in Sources */ = {isa = PBXBuildFile; fileRef = 5650B42526E064F200A7C2C0 /* MenuDetailView.swift */; };
/* End PBXBuildFile section */

/* Begin PBXFileReference section */
		5609DA6D26F016E900E250E0 /* MapViewController.swift */ = {isa = PBXFileReference; fileEncoding = 4; lastKnownFileType = sourcecode.swift; name = MapViewController.swift; path = "../../../../../Downloads/Ex_Files_SwiftUI_EssT_Upd/Exercise Files/06/01/MapViewController.swift"; sourceTree = "<group>"; };
		5609DA6F26F0171900E250E0 /* MapView.swift */ = {isa = PBXFileReference; lastKnownFileType = sourcecode.swift; path = MapView.swift; sourceTree = "<group>"; };
		5609DA7126F0242E00E250E0 /* CloseUpMapView.swift */ = {isa = PBXFileReference; fileEncoding = 4; lastKnownFileType = sourcecode.swift; name = CloseUpMapView.swift; path = "../../../../../Downloads/Ex_Files_SwiftUI_EssT_Upd/Exercise Files/06/02/CloseUpMapView.swift"; sourceTree = "<group>"; };
		561808C026C749A600480A2E /* SlearnUI.app */ = {isa = PBXFileReference; explicitFileType = wrapper.application; includeInIndex = 0; path = SlearnUI.app; sourceTree = BUILT_PRODUCTS_DIR; };
		561808C326C749A600480A2E /* AppDelegate.swift */ = {isa = PBXFileReference; lastKnownFileType = sourcecode.swift; path = AppDelegate.swift; sourceTree = "<group>"; };
		561808C526C749A600480A2E /* SceneDelegate.swift */ = {isa = PBXFileReference; lastKnownFileType = sourcecode.swift; path = SceneDelegate.swift; sourceTree = "<group>"; };
		561808C726C749A600480A2E /* ContentView.swift */ = {isa = PBXFileReference; lastKnownFileType = sourcecode.swift; path = ContentView.swift; sourceTree = "<group>"; };
		561808C926C749A800480A2E /* Assets.xcassets */ = {isa = PBXFileReference; lastKnownFileType = folder.assetcatalog; path = Assets.xcassets; sourceTree = "<group>"; };
		561808CC26C749A800480A2E /* Preview Assets.xcassets */ = {isa = PBXFileReference; lastKnownFileType = folder.assetcatalog; path = "Preview Assets.xcassets"; sourceTree = "<group>"; };
		561808CF26C749A800480A2E /* Base */ = {isa = PBXFileReference; lastKnownFileType = file.storyboard; name = Base; path = Base.lproj/LaunchScreen.storyboard; sourceTree = "<group>"; };
		561808D126C749A900480A2E /* Info.plist */ = {isa = PBXFileReference; lastKnownFileType = text.plist.xml; path = Info.plist; sourceTree = "<group>"; };
		5627B66E26E96A3B005A1B1C /* HistoryDetailView.swift */ = {isa = PBXFileReference; fileEncoding = 4; lastKnownFileType = sourcecode.swift; name = HistoryDetailView.swift; path = "../../../../../Downloads/Ex_Files_SwiftUI_EssT_Upd/Exercise Files/04/11/HistoryDetailView.swift"; sourceTree = "<group>"; };
		5627B67226E973C3005A1B1C /* RootTabView.swift */ = {isa = PBXFileReference; lastKnownFileType = sourcecode.swift; path = RootTabView.swift; sourceTree = "<group>"; };
		5627B67426E978BE005A1B1C /* ConfirmView.swift */ = {isa = PBXFileReference; fileEncoding = 4; lastKnownFileType = sourcecode.swift; name = ConfirmView.swift; path = "../../../../../Downloads/Ex_Files_SwiftUI_EssT_Upd/Exercise Files/05/03/ConfirmView.swift"; sourceTree = "<group>"; };
		5627FCCE26CD7DDF00468F7E /* OrderListView.swift */ = {isa = PBXFileReference; lastKnownFileType = sourcecode.swift; path = OrderListView.swift; sourceTree = "<group>"; };
		5627FCD026CD825200468F7E /* MenuListView.swift */ = {isa = PBXFileReference; lastKnownFileType = sourcecode.swift; path = MenuListView.swift; sourceTree = "<group>"; };
		5627FCD226CD82F300468F7E /* ContentHeaderView.swift */ = {isa = PBXFileReference; lastKnownFileType = sourcecode.swift; path = ContentHeaderView.swift; sourceTree = "<group>"; };
		5627FCD426CD86CA00468F7E /* OrderRowView.swift */ = {isa = PBXFileReference; lastKnownFileType = sourcecode.swift; path = OrderRowView.swift; sourceTree = "<group>"; };
		5627FCD626CD873C00468F7E /* MenuRowView.swift */ = {isa = PBXFileReference; lastKnownFileType = sourcecode.swift; path = MenuRowView.swift; sourceTree = "<group>"; };
		5627FCD826CD877B00468F7E /* RatingsView.swift */ = {isa = PBXFileReference; lastKnownFileType = sourcecode.swift; path = RatingsView.swift; sourceTree = "<group>"; };
		5627FCDA26CD880400468F7E /* PageTitleView.swift */ = {isa = PBXFileReference; lastKnownFileType = sourcecode.swift; path = PageTitleView.swift; sourceTree = "<group>"; };
		5627FCDC26CDE3BE00468F7E /* HistoryRowView.swift */ = {isa = PBXFileReference; lastKnownFileType = sourcecode.swift; path = HistoryRowView.swift; sourceTree = "<group>"; };
		5627FCDE26CDE3F600468F7E /* HistoryListView.swift */ = {isa = PBXFileReference; lastKnownFileType = sourcecode.swift; path = HistoryListView.swift; sourceTree = "<group>"; };
		5627FCE026CDE42100468F7E /* HistoryView.swift */ = {isa = PBXFileReference; lastKnownFileType = sourcecode.swift; path = HistoryView.swift; sourceTree = "<group>"; };
		5627FCE226CF23BE00468F7E /* ListHeaderView.swift */ = {isa = PBXFileReference; lastKnownFileType = sourcecode.swift; path = ListHeaderView.swift; sourceTree = "<group>"; };
		5627FCE426D4BB1A00468F7E /* SelectedImageView.swift */ = {isa = PBXFileReference; lastKnownFileType = sourcecode.swift; path = SelectedImageView.swift; sourceTree = "<group>"; };
		5627FCE826D985BA00468F7E /* HistoryModel.swift */ = {isa = PBXFileReference; fileEncoding = 4; lastKnownFileType = sourcecode.swift; name = HistoryModel.swift; path = "../../../../../Downloads/Ex_Files_SwiftUI_EssT_Upd/Exercise Files/04/03/HistoryModel.swift"; sourceTree = "<group>"; };
		5627FCE926D985BA00468F7E /* MenuModel.swift */ = {isa = PBXFileReference; fileEncoding = 4; lastKnownFileType = sourcecode.swift; name = MenuModel.swift; path = "../../../../../Downloads/Ex_Files_SwiftUI_EssT_Upd/Exercise Files/04/03/MenuModel.swift"; sourceTree = "<group>"; };
		5627FCEA26D985BA00468F7E /* OrderModel.swift */ = {isa = PBXFileReference; fileEncoding = 4; lastKnownFileType = sourcecode.swift; name = OrderModel.swift; path = "../../../../../Downloads/Ex_Files_SwiftUI_EssT_Upd/Exercise Files/04/03/OrderModel.swift"; sourceTree = "<group>"; };
		5650B42526E064F200A7C2C0 /* MenuDetailView.swift */ = {isa = PBXFileReference; fileEncoding = 4; lastKnownFileType = sourcecode.swift; name = MenuDetailView.swift; path = "../../../../../Downloads/Ex_Files_SwiftUI_EssT_Upd/Exercise Files/04/05/MenuDetailView.swift"; sourceTree = "<group>"; };
/* End PBXFileReference section */

/* Begin PBXFrameworksBuildPhase section */
		561808BD26C749A600480A2E /* Frameworks */ = {
			isa = PBXFrameworksBuildPhase;
			buildActionMask = 2147483647;
			files = (
			);
			runOnlyForDeploymentPostprocessing = 0;
		};
/* End PBXFrameworksBuildPhase section */

/* Begin PBXGroup section */
		561808B726C749A600480A2E = {
			isa = PBXGroup;
			children = (
				561808C226C749A600480A2E /* SlearnUI */,
				561808C126C749A600480A2E /* Products */,
			);
			sourceTree = "<group>";
		};
		561808C126C749A600480A2E /* Products */ = {
			isa = PBXGroup;
			children = (
				561808C026C749A600480A2E /* SlearnUI.app */,
			);
			name = Products;
			sourceTree = "<group>";
		};
		561808C226C749A600480A2E /* SlearnUI */ = {
			isa = PBXGroup;
			children = (
				561808C726C749A600480A2E /* ContentView.swift */,
				5627FCD226CD82F300468F7E /* ContentHeaderView.swift */,
				5627FCDA26CD880400468F7E /* PageTitleView.swift */,
				5627FCE426D4BB1A00468F7E /* SelectedImageView.swift */,
				5627FCE226CF23BE00468F7E /* ListHeaderView.swift */,
				5627B67226E973C3005A1B1C /* RootTabView.swift */,
				5627FCCA26CD7D5000468F7E /* OrderView */,
				5627FCCC26CD7D6300468F7E /* MenuView */,
				5627FCCB26CD7D5A00468F7E /* Model */,
				5627FCCD26CD7D6A00468F7E /* HistoryView */,
				561808C326C749A600480A2E /* AppDelegate.swift */,
				561808C526C749A600480A2E /* SceneDelegate.swift */,
				561808C926C749A800480A2E /* Assets.xcassets */,
				561808CE26C749A800480A2E /* LaunchScreen.storyboard */,
				561808D126C749A900480A2E /* Info.plist */,
				561808CB26C749A800480A2E /* Preview Content */,
			);
			path = SlearnUI;
			sourceTree = "<group>";
		};
		561808CB26C749A800480A2E /* Preview Content */ = {
			isa = PBXGroup;
			children = (
				561808CC26C749A800480A2E /* Preview Assets.xcassets */,
			);
			path = "Preview Content";
			sourceTree = "<group>";
		};
		5627FCCA26CD7D5000468F7E /* OrderView */ = {
			isa = PBXGroup;
			children = (
				5627FCCE26CD7DDF00468F7E /* OrderListView.swift */,
				5627FCD426CD86CA00468F7E /* OrderRowView.swift */,
			);
			path = OrderView;
			sourceTree = "<group>";
		};
		5627FCCB26CD7D5A00468F7E /* Model */ = {
			isa = PBXGroup;
			children = (
				5627FCE826D985BA00468F7E /* HistoryModel.swift */,
				5627FCE926D985BA00468F7E /* MenuModel.swift */,
				5627FCEA26D985BA00468F7E /* OrderModel.swift */,
			);
			path = Model;
			sourceTree = "<group>";
		};
		5627FCCC26CD7D6300468F7E /* MenuView */ = {
			isa = PBXGroup;
			children = (
				5627FCD026CD825200468F7E /* MenuListView.swift */,
				5627FCD626CD873C00468F7E /* MenuRowView.swift */,
				5650B42526E064F200A7C2C0 /* MenuDetailView.swift */,
				5627B67426E978BE005A1B1C /* ConfirmView.swift */,
				5627FCD826CD877B00468F7E /* RatingsView.swift */,
			);
			path = MenuView;
			sourceTree = "<group>";
		};
		5627FCCD26CD7D6A00468F7E /* HistoryView */ = {
			isa = PBXGroup;
			children = (
				5609DA6F26F0171900E250E0 /* MapView.swift */,
				5627FCDC26CDE3BE00468F7E /* HistoryRowView.swift */,
				5627FCDE26CDE3F600468F7E /* HistoryListView.swift */,
				5627B66E26E96A3B005A1B1C /* HistoryDetailView.swift */,
				5609DA7126F0242E00E250E0 /* CloseUpMapView.swift */,
				5627FCE026CDE42100468F7E /* HistoryView.swift */,
				5609DA6D26F016E900E250E0 /* MapViewController.swift */,
			);
			path = HistoryView;
			sourceTree = "<group>";
		};
/* End PBXGroup section */

/* Begin PBXNativeTarget section */
		561808BF26C749A600480A2E /* SlearnUI */ = {
			isa = PBXNativeTarget;
			buildConfigurationList = 561808D426C749A900480A2E /* Build configuration list for PBXNativeTarget "SlearnUI" */;
			buildPhases = (
				561808BC26C749A600480A2E /* Sources */,
				561808BD26C749A600480A2E /* Frameworks */,
				561808BE26C749A600480A2E /* Resources */,
			);
			buildRules = (
			);
			dependencies = (
			);
			name = SlearnUI;
			productName = SlearnUI;
			productReference = 561808C026C749A600480A2E /* SlearnUI.app */;
			productType = "com.apple.product-type.application";
		};
/* End PBXNativeTarget section */

/* Begin PBXProject section */
		561808B826C749A600480A2E /* Project object */ = {
			isa = PBXProject;
			attributes = {
				LastSwiftUpdateCheck = 1250;
				LastUpgradeCheck = 1250;
				TargetAttributes = {
					561808BF26C749A600480A2E = {
						CreatedOnToolsVersion = 12.5.1;
					};
				};
			};
			buildConfigurationList = 561808BB26C749A600480A2E /* Build configuration list for PBXProject "SlearnUI" */;
			compatibilityVersion = "Xcode 9.3";
			developmentRegion = en;
			hasScannedForEncodings = 0;
			knownRegions = (
				en,
				Base,
			);
			mainGroup = 561808B726C749A600480A2E;
			productRefGroup = 561808C126C749A600480A2E /* Products */;
			projectDirPath = "";
			projectRoot = "";
			targets = (
				561808BF26C749A600480A2E /* SlearnUI */,
			);
		};
/* End PBXProject section */

/* Begin PBXResourcesBuildPhase section */
		561808BE26C749A600480A2E /* Resources */ = {
			isa = PBXResourcesBuildPhase;
			buildActionMask = 2147483647;
			files = (
				561808D026C749A800480A2E /* LaunchScreen.storyboard in Resources */,
				561808CD26C749A800480A2E /* Preview Assets.xcassets in Resources */,
				561808CA26C749A800480A2E /* Assets.xcassets in Resources */,
			);
			runOnlyForDeploymentPostprocessing = 0;
		};
/* End PBXResourcesBuildPhase section */

/* Begin PBXSourcesBuildPhase section */
		561808BC26C749A600480A2E /* Sources */ = {
			isa = PBXSourcesBuildPhase;
			buildActionMask = 2147483647;
			files = (
				5627FCEB26D985BA00468F7E /* HistoryModel.swift in Sources */,
				5609DA7026F0171900E250E0 /* MapView.swift in Sources */,
				561808C426C749A600480A2E /* AppDelegate.swift in Sources */,
				5627B66F26E96A3B005A1B1C /* HistoryDetailView.swift in Sources */,
				5650B42626E064F200A7C2C0 /* MenuDetailView.swift in Sources */,
				5627FCDD26CDE3BE00468F7E /* HistoryRowView.swift in Sources */,
				5627FCD126CD825200468F7E /* MenuListView.swift in Sources */,
				5627FCDB26CD880400468F7E /* PageTitleView.swift in Sources */,
				5627B67326E973C3005A1B1C /* RootTabView.swift in Sources */,
				5627FCEC26D985BA00468F7E /* MenuModel.swift in Sources */,
				5609DA6E26F016E900E250E0 /* MapViewController.swift in Sources */,
				5627FCE126CDE42100468F7E /* HistoryView.swift in Sources */,
				5627FCCF26CD7DDF00468F7E /* OrderListView.swift in Sources */,
				5627FCD326CD82F300468F7E /* ContentHeaderView.swift in Sources */,
				5627FCE526D4BB1A00468F7E /* SelectedImageView.swift in Sources */,
				5627FCED26D985BA00468F7E /* OrderModel.swift in Sources */,
				5627FCE326CF23BE00468F7E /* ListHeaderView.swift in Sources */,
				5627FCD926CD877B00468F7E /* RatingsView.swift in Sources */,
				5609DA7226F0242E00E250E0 /* CloseUpMapView.swift in Sources */,
				5627FCD726CD873C00468F7E /* MenuRowView.swift in Sources */,
				561808C626C749A600480A2E /* SceneDelegate.swift in Sources */,
				5627FCDF26CDE3F600468F7E /* HistoryListView.swift in Sources */,
				5627B67526E978BE005A1B1C /* ConfirmView.swift in Sources */,
				5627FCD526CD86CA00468F7E /* OrderRowView.swift in Sources */,
				561808C826C749A600480A2E /* ContentView.swift in Sources */,
			);
			runOnlyForDeploymentPostprocessing = 0;
		};
/* End PBXSourcesBuildPhase section */

/* Begin PBXVariantGroup section */
		561808CE26C749A800480A2E /* LaunchScreen.storyboard */ = {
			isa = PBXVariantGroup;
			children = (
				561808CF26C749A800480A2E /* Base */,
			);
			name = LaunchScreen.storyboard;
			sourceTree = "<group>";
		};
/* End PBXVariantGroup section */

/* Begin XCBuildConfiguration section */
		561808D226C749A900480A2E /* Debug */ = {
			isa = XCBuildConfiguration;
			buildSettings = {
				ALWAYS_SEARCH_USER_PATHS = NO;
				CLANG_ANALYZER_NONNULL = YES;
				CLANG_ANALYZER_NUMBER_OBJECT_CONVERSION = YES_AGGRESSIVE;
				CLANG_CXX_LANGUAGE_STANDARD = "gnu++14";
				CLANG_CXX_LIBRARY = "libc++";
				CLANG_ENABLE_MODULES = YES;
				CLANG_ENABLE_OBJC_ARC = YES;
				CLANG_ENABLE_OBJC_WEAK = YES;
				CLANG_WARN_BLOCK_CAPTURE_AUTORELEASING = YES;
				CLANG_WARN_BOOL_CONVERSION = YES;
				CLANG_WARN_COMMA = YES;
				CLANG_WARN_CONSTANT_CONVERSION = YES;
				CLANG_WARN_DEPRECATED_OBJC_IMPLEMENTATIONS = YES;
				CLANG_WARN_DIRECT_OBJC_ISA_USAGE = YES_ERROR;
				CLANG_WARN_DOCUMENTATION_COMMENTS = YES;
				CLANG_WARN_EMPTY_BODY = YES;
				CLANG_WARN_ENUM_CONVERSION = YES;
				CLANG_WARN_INFINITE_RECURSION = YES;
				CLANG_WARN_INT_CONVERSION = YES;
				CLANG_WARN_NON_LITERAL_NULL_CONVERSION = YES;
				CLANG_WARN_OBJC_IMPLICIT_RETAIN_SELF = YES;
				CLANG_WARN_OBJC_LITERAL_CONVERSION = YES;
				CLANG_WARN_OBJC_ROOT_CLASS = YES_ERROR;
				CLANG_WARN_QUOTED_INCLUDE_IN_FRAMEWORK_HEADER = YES;
				CLANG_WARN_RANGE_LOOP_ANALYSIS = YES;
				CLANG_WARN_STRICT_PROTOTYPES = YES;
				CLANG_WARN_SUSPICIOUS_MOVE = YES;
				CLANG_WARN_UNGUARDED_AVAILABILITY = YES_AGGRESSIVE;
				CLANG_WARN_UNREACHABLE_CODE = YES;
				CLANG_WARN__DUPLICATE_METHOD_MATCH = YES;
				COPY_PHASE_STRIP = NO;
				DEBUG_INFORMATION_FORMAT = dwarf;
				ENABLE_STRICT_OBJC_MSGSEND = YES;
				ENABLE_TESTABILITY = YES;
				GCC_C_LANGUAGE_STANDARD = gnu11;
				GCC_DYNAMIC_NO_PIC = NO;
				GCC_NO_COMMON_BLOCKS = YES;
				GCC_OPTIMIZATION_LEVEL = 0;
				GCC_PREPROCESSOR_DEFINITIONS = (
					"DEBUG=1",
					"$(inherited)",
				);
				GCC_WARN_64_TO_32_BIT_CONVERSION = YES;
				GCC_WARN_ABOUT_RETURN_TYPE = YES_ERROR;
				GCC_WARN_UNDECLARED_SELECTOR = YES;
				GCC_WARN_UNINITIALIZED_AUTOS = YES_AGGRESSIVE;
				GCC_WARN_UNUSED_FUNCTION = YES;
				GCC_WARN_UNUSED_VARIABLE = YES;
				IPHONEOS_DEPLOYMENT_TARGET = 14.5;
				MTL_ENABLE_DEBUG_INFO = INCLUDE_SOURCE;
				MTL_FAST_MATH = YES;
				ONLY_ACTIVE_ARCH = YES;
				SDKROOT = iphoneos;
				SWIFT_ACTIVE_COMPILATION_CONDITIONS = DEBUG;
				SWIFT_OPTIMIZATION_LEVEL = "-Onone";
			};
			name = Debug;
		};
		561808D326C749A900480A2E /* Release */ = {
			isa = XCBuildConfiguration;
			buildSettings = {
				ALWAYS_SEARCH_USER_PATHS = NO;
				CLANG_ANALYZER_NONNULL = YES;
				CLANG_ANALYZER_NUMBER_OBJECT_CONVERSION = YES_AGGRESSIVE;
				CLANG_CXX_LANGUAGE_STANDARD = "gnu++14";
				CLANG_CXX_LIBRARY = "libc++";
				CLANG_ENABLE_MODULES = YES;
				CLANG_ENABLE_OBJC_ARC = YES;
				CLANG_ENABLE_OBJC_WEAK = YES;
				CLANG_WARN_BLOCK_CAPTURE_AUTORELEASING = YES;
				CLANG_WARN_BOOL_CONVERSION = YES;
				CLANG_WARN_COMMA = YES;
				CLANG_WARN_CONSTANT_CONVERSION = YES;
				CLANG_WARN_DEPRECATED_OBJC_IMPLEMENTATIONS = YES;
				CLANG_WARN_DIRECT_OBJC_ISA_USAGE = YES_ERROR;
				CLANG_WARN_DOCUMENTATION_COMMENTS = YES;
				CLANG_WARN_EMPTY_BODY = YES;
				CLANG_WARN_ENUM_CONVERSION = YES;
				CLANG_WARN_INFINITE_RECURSION = YES;
				CLANG_WARN_INT_CONVERSION = YES;
				CLANG_WARN_NON_LITERAL_NULL_CONVERSION = YES;
				CLANG_WARN_OBJC_IMPLICIT_RETAIN_SELF = YES;
				CLANG_WARN_OBJC_LITERAL_CONVERSION = YES;
				CLANG_WARN_OBJC_ROOT_CLASS = YES_ERROR;
				CLANG_WARN_QUOTED_INCLUDE_IN_FRAMEWORK_HEADER = YES;
				CLANG_WARN_RANGE_LOOP_ANALYSIS = YES;
				CLANG_WARN_STRICT_PROTOTYPES = YES;
				CLANG_WARN_SUSPICIOUS_MOVE = YES;
				CLANG_WARN_UNGUARDED_AVAILABILITY = YES_AGGRESSIVE;
				CLANG_WARN_UNREACHABLE_CODE = YES;
				CLANG_WARN__DUPLICATE_METHOD_MATCH = YES;
				COPY_PHASE_STRIP = NO;
				DEBUG_INFORMATION_FORMAT = "dwarf-with-dsym";
				ENABLE_NS_ASSERTIONS = NO;
				ENABLE_STRICT_OBJC_MSGSEND = YES;
				GCC_C_LANGUAGE_STANDARD = gnu11;
				GCC_NO_COMMON_BLOCKS = YES;
				GCC_WARN_64_TO_32_BIT_CONVERSION = YES;
				GCC_WARN_ABOUT_RETURN_TYPE = YES_ERROR;
				GCC_WARN_UNDECLARED_SELECTOR = YES;
				GCC_WARN_UNINITIALIZED_AUTOS = YES_AGGRESSIVE;
				GCC_WARN_UNUSED_FUNCTION = YES;
				GCC_WARN_UNUSED_VARIABLE = YES;
				IPHONEOS_DEPLOYMENT_TARGET = 14.5;
				MTL_ENABLE_DEBUG_INFO = NO;
				MTL_FAST_MATH = YES;
				SDKROOT = iphoneos;
				SWIFT_COMPILATION_MODE = wholemodule;
				SWIFT_OPTIMIZATION_LEVEL = "-O";
				VALIDATE_PRODUCT = YES;
			};
			name = Release;
		};
		561808D526C749A900480A2E /* Debug */ = {
			isa = XCBuildConfiguration;
			buildSettings = {
				ASSETCATALOG_COMPILER_APPICON_NAME = AppIcon;
				ASSETCATALOG_COMPILER_GLOBAL_ACCENT_COLOR_NAME = AccentColor;
				CODE_SIGN_STYLE = Automatic;
				DEVELOPMENT_ASSET_PATHS = "\"SlearnUI/Preview Content\"";
				DEVELOPMENT_TEAM = 42VXZMD96K;
				ENABLE_PREVIEWS = YES;
				INFOPLIST_FILE = SlearnUI/Info.plist;
				LD_RUNPATH_SEARCH_PATHS = (
					"$(inherited)",
					"@executable_path/Frameworks",
				);
				PRODUCT_BUNDLE_IDENTIFIER = com.hubertle.SlearnUI;
				PRODUCT_NAME = "$(TARGET_NAME)";
				SWIFT_VERSION = 5.0;
				TARGETED_DEVICE_FAMILY = "1,2";
			};
			name = Debug;
		};
		561808D626C749A900480A2E /* Release */ = {
			isa = XCBuildConfiguration;
			buildSettings = {
				ASSETCATALOG_COMPILER_APPICON_NAME = AppIcon;
				ASSETCATALOG_COMPILER_GLOBAL_ACCENT_COLOR_NAME = AccentColor;
				CODE_SIGN_STYLE = Automatic;
				DEVELOPMENT_ASSET_PATHS = "\"SlearnUI/Preview Content\"";
				DEVELOPMENT_TEAM = 42VXZMD96K;
				ENABLE_PREVIEWS = YES;
				INFOPLIST_FILE = SlearnUI/Info.plist;
				LD_RUNPATH_SEARCH_PATHS = (
					"$(inherited)",
					"@executable_path/Frameworks",
				);
				PRODUCT_BUNDLE_IDENTIFIER = com.hubertle.SlearnUI;
				PRODUCT_NAME = "$(TARGET_NAME)";
				SWIFT_VERSION = 5.0;
				TARGETED_DEVICE_FAMILY = "1,2";
			};
			name = Release;
		};
/* End XCBuildConfiguration section */

/* Begin XCConfigurationList section */
		561808BB26C749A600480A2E /* Build configuration list for PBXProject "SlearnUI" */ = {
			isa = XCConfigurationList;
			buildConfigurations = (
				561808D226C749A900480A2E /* Debug */,
				561808D326C749A900480A2E /* Release */,
			);
			defaultConfigurationIsVisible = 0;
			defaultConfigurationName = Release;
		};
		561808D426C749A900480A2E /* Build configuration list for PBXNativeTarget "SlearnUI" */ = {
			isa = XCConfigurationList;
			buildConfigurations = (
				561808D526C749A900480A2E /* Debug */,
				561808D626C749A900480A2E /* Release */,
			);
			defaultConfigurationIsVisible = 0;
			defaultConfigurationName = Release;
		};
/* End XCConfigurationList section */
	};
	rootObject = 561808B826C749A600480A2E /* Project object */;
}
