// !$*UTF8*$!
{
	archiveVersion = 1;
	classes = {
	};
	objectVersion = 50;
	objects = {

/* Begin PBXBuildFile section */
		567AAE8426FA9A020089F7DB /* HuliPizzaMultiApp.swift in Sources */ = {isa = PBXBuildFile; fileRef = 567AAE7126FA9A000089F7DB /* HuliPizzaMultiApp.swift */; };
		567AAE8526FA9A020089F7DB /* HuliPizzaMultiApp.swift in Sources */ = {isa = PBXBuildFile; fileRef = 567AAE7126FA9A000089F7DB /* HuliPizzaMultiApp.swift */; };
		567AAE8826FA9A020089F7DB /* Assets.xcassets in Resources */ = {isa = PBXBuildFile; fileRef = 567AAE7326FA9A020089F7DB /* Assets.xcassets */; };
		567AAE8926FA9A020089F7DB /* Assets.xcassets in Resources */ = {isa = PBXBuildFile; fileRef = 567AAE7326FA9A020089F7DB /* Assets.xcassets */; };
		567AAEA426FA9AB90089F7DB /* PageTitleView.swift in Sources */ = {isa = PBXBuildFile; fileRef = 567AAE9226FA9AB80089F7DB /* PageTitleView.swift */; };
		567AAEA526FA9AB90089F7DB /* PageTitleView.swift in Sources */ = {isa = PBXBuildFile; fileRef = 567AAE9226FA9AB80089F7DB /* PageTitleView.swift */; };
		567AAEA626FA9AB90089F7DB /* SelectedImageView.swift in Sources */ = {isa = PBXBuildFile; fileRef = 567AAE9326FA9AB80089F7DB /* SelectedImageView.swift */; };
		567AAEA726FA9AB90089F7DB /* SelectedImageView.swift in Sources */ = {isa = PBXBuildFile; fileRef = 567AAE9326FA9AB80089F7DB /* SelectedImageView.swift */; };
		567AAEA826FA9AB90089F7DB /* MenuRowView.swift in Sources */ = {isa = PBXBuildFile; fileRef = 567AAE9526FA9AB90089F7DB /* MenuRowView.swift */; };
		567AAEA926FA9AB90089F7DB /* MenuRowView.swift in Sources */ = {isa = PBXBuildFile; fileRef = 567AAE9526FA9AB90089F7DB /* MenuRowView.swift */; };
		567AAEAA26FA9AB90089F7DB /* RatingsView.swift in Sources */ = {isa = PBXBuildFile; fileRef = 567AAE9626FA9AB90089F7DB /* RatingsView.swift */; };
		567AAEAB26FA9AB90089F7DB /* RatingsView.swift in Sources */ = {isa = PBXBuildFile; fileRef = 567AAE9626FA9AB90089F7DB /* RatingsView.swift */; };
		567AAEAC26FA9AB90089F7DB /* MenuListView.swift in Sources */ = {isa = PBXBuildFile; fileRef = 567AAE9726FA9AB90089F7DB /* MenuListView.swift */; };
		567AAEAD26FA9AB90089F7DB /* MenuListView.swift in Sources */ = {isa = PBXBuildFile; fileRef = 567AAE9726FA9AB90089F7DB /* MenuListView.swift */; };
		567AAEAE26FA9AB90089F7DB /* MenuDetailView.swift in Sources */ = {isa = PBXBuildFile; fileRef = 567AAE9826FA9AB90089F7DB /* MenuDetailView.swift */; };
		567AAEAF26FA9AB90089F7DB /* MenuDetailView.swift in Sources */ = {isa = PBXBuildFile; fileRef = 567AAE9826FA9AB90089F7DB /* MenuDetailView.swift */; };
		567AAEB026FA9AB90089F7DB /* ConfirmView.swift in Sources */ = {isa = PBXBuildFile; fileRef = 567AAE9926FA9AB90089F7DB /* ConfirmView.swift */; };
		567AAEB126FA9AB90089F7DB /* ConfirmView.swift in Sources */ = {isa = PBXBuildFile; fileRef = 567AAE9926FA9AB90089F7DB /* ConfirmView.swift */; };
		567AAEB226FA9AB90089F7DB /* OrderListView.swift in Sources */ = {isa = PBXBuildFile; fileRef = 567AAE9B26FA9AB90089F7DB /* OrderListView.swift */; };
		567AAEB326FA9AB90089F7DB /* OrderListView.swift in Sources */ = {isa = PBXBuildFile; fileRef = 567AAE9B26FA9AB90089F7DB /* OrderListView.swift */; };
		567AAEB426FA9AB90089F7DB /* OrderRowView.swift in Sources */ = {isa = PBXBuildFile; fileRef = 567AAE9C26FA9AB90089F7DB /* OrderRowView.swift */; };
		567AAEB526FA9AB90089F7DB /* OrderRowView.swift in Sources */ = {isa = PBXBuildFile; fileRef = 567AAE9C26FA9AB90089F7DB /* OrderRowView.swift */; };
		567AAEB626FA9AB90089F7DB /* OrderModel.swift in Sources */ = {isa = PBXBuildFile; fileRef = 567AAE9E26FA9AB90089F7DB /* OrderModel.swift */; };
		567AAEB726FA9AB90089F7DB /* OrderModel.swift in Sources */ = {isa = PBXBuildFile; fileRef = 567AAE9E26FA9AB90089F7DB /* OrderModel.swift */; };
		567AAEB826FA9AB90089F7DB /* HistoryModel.swift in Sources */ = {isa = PBXBuildFile; fileRef = 567AAE9F26FA9AB90089F7DB /* HistoryModel.swift */; };
		567AAEB926FA9AB90089F7DB /* HistoryModel.swift in Sources */ = {isa = PBXBuildFile; fileRef = 567AAE9F26FA9AB90089F7DB /* HistoryModel.swift */; };
		567AAEBA26FA9AB90089F7DB /* MenuModel.swift in Sources */ = {isa = PBXBuildFile; fileRef = 567AAEA026FA9AB90089F7DB /* MenuModel.swift */; };
		567AAEBB26FA9AB90089F7DB /* MenuModel.swift in Sources */ = {isa = PBXBuildFile; fileRef = 567AAEA026FA9AB90089F7DB /* MenuModel.swift */; };
		567AAEBC26FA9AB90089F7DB /* ListHeaderView.swift in Sources */ = {isa = PBXBuildFile; fileRef = 567AAEA126FA9AB90089F7DB /* ListHeaderView.swift */; };
		567AAEBD26FA9AB90089F7DB /* ListHeaderView.swift in Sources */ = {isa = PBXBuildFile; fileRef = 567AAEA126FA9AB90089F7DB /* ListHeaderView.swift */; };
		567AAEBE26FA9AB90089F7DB /* ContentView.swift in Sources */ = {isa = PBXBuildFile; fileRef = 567AAEA226FA9AB90089F7DB /* ContentView.swift */; };
		567AAEBF26FA9AB90089F7DB /* ContentView.swift in Sources */ = {isa = PBXBuildFile; fileRef = 567AAEA226FA9AB90089F7DB /* ContentView.swift */; };
		567AAEC026FA9AB90089F7DB /* ContentHeaderView.swift in Sources */ = {isa = PBXBuildFile; fileRef = 567AAEA326FA9AB90089F7DB /* ContentHeaderView.swift */; };
		567AAEC126FA9AB90089F7DB /* ContentHeaderView.swift in Sources */ = {isa = PBXBuildFile; fileRef = 567AAEA326FA9AB90089F7DB /* ContentHeaderView.swift */; };
/* End PBXBuildFile section */

/* Begin PBXFileReference section */
		567AAE7126FA9A000089F7DB /* HuliPizzaMultiApp.swift */ = {isa = PBXFileReference; lastKnownFileType = sourcecode.swift; path = HuliPizzaMultiApp.swift; sourceTree = "<group>"; };
		567AAE7326FA9A020089F7DB /* Assets.xcassets */ = {isa = PBXFileReference; lastKnownFileType = folder.assetcatalog; path = Assets.xcassets; sourceTree = "<group>"; };
		567AAE7826FA9A020089F7DB /* HuliPizzaMulti.app */ = {isa = PBXFileReference; explicitFileType = wrapper.application; includeInIndex = 0; path = HuliPizzaMulti.app; sourceTree = BUILT_PRODUCTS_DIR; };
		567AAE7B26FA9A020089F7DB /* Info.plist */ = {isa = PBXFileReference; lastKnownFileType = text.plist.xml; path = Info.plist; sourceTree = "<group>"; };
		567AAE8026FA9A020089F7DB /* HuliPizzaMulti.app */ = {isa = PBXFileReference; explicitFileType = wrapper.application; includeInIndex = 0; path = HuliPizzaMulti.app; sourceTree = BUILT_PRODUCTS_DIR; };
		567AAE8226FA9A020089F7DB /* Info.plist */ = {isa = PBXFileReference; lastKnownFileType = text.plist.xml; path = Info.plist; sourceTree = "<group>"; };
		567AAE8326FA9A020089F7DB /* macOS.entitlements */ = {isa = PBXFileReference; lastKnownFileType = text.plist.entitlements; path = macOS.entitlements; sourceTree = "<group>"; };
		567AAE9226FA9AB80089F7DB /* PageTitleView.swift */ = {isa = PBXFileReference; fileEncoding = 4; lastKnownFileType = sourcecode.swift; path = PageTitleView.swift; sourceTree = "<group>"; };
		567AAE9326FA9AB80089F7DB /* SelectedImageView.swift */ = {isa = PBXFileReference; fileEncoding = 4; lastKnownFileType = sourcecode.swift; path = SelectedImageView.swift; sourceTree = "<group>"; };
		567AAE9526FA9AB90089F7DB /* MenuRowView.swift */ = {isa = PBXFileReference; fileEncoding = 4; lastKnownFileType = sourcecode.swift; path = MenuRowView.swift; sourceTree = "<group>"; };
		567AAE9626FA9AB90089F7DB /* RatingsView.swift */ = {isa = PBXFileReference; fileEncoding = 4; lastKnownFileType = sourcecode.swift; path = RatingsView.swift; sourceTree = "<group>"; };
		567AAE9726FA9AB90089F7DB /* MenuListView.swift */ = {isa = PBXFileReference; fileEncoding = 4; lastKnownFileType = sourcecode.swift; path = MenuListView.swift; sourceTree = "<group>"; };
		567AAE9826FA9AB90089F7DB /* MenuDetailView.swift */ = {isa = PBXFileReference; fileEncoding = 4; lastKnownFileType = sourcecode.swift; path = MenuDetailView.swift; sourceTree = "<group>"; };
		567AAE9926FA9AB90089F7DB /* ConfirmView.swift */ = {isa = PBXFileReference; fileEncoding = 4; lastKnownFileType = sourcecode.swift; path = ConfirmView.swift; sourceTree = "<group>"; };
		567AAE9B26FA9AB90089F7DB /* OrderListView.swift */ = {isa = PBXFileReference; fileEncoding = 4; lastKnownFileType = sourcecode.swift; path = OrderListView.swift; sourceTree = "<group>"; };
		567AAE9C26FA9AB90089F7DB /* OrderRowView.swift */ = {isa = PBXFileReference; fileEncoding = 4; lastKnownFileType = sourcecode.swift; path = OrderRowView.swift; sourceTree = "<group>"; };
		567AAE9E26FA9AB90089F7DB /* OrderModel.swift */ = {isa = PBXFileReference; fileEncoding = 4; lastKnownFileType = sourcecode.swift; path = OrderModel.swift; sourceTree = "<group>"; };
		567AAE9F26FA9AB90089F7DB /* HistoryModel.swift */ = {isa = PBXFileReference; fileEncoding = 4; lastKnownFileType = sourcecode.swift; path = HistoryModel.swift; sourceTree = "<group>"; };
		567AAEA026FA9AB90089F7DB /* MenuModel.swift */ = {isa = PBXFileReference; fileEncoding = 4; lastKnownFileType = sourcecode.swift; path = MenuModel.swift; sourceTree = "<group>"; };
		567AAEA126FA9AB90089F7DB /* ListHeaderView.swift */ = {isa = PBXFileReference; fileEncoding = 4; lastKnownFileType = sourcecode.swift; path = ListHeaderView.swift; sourceTree = "<group>"; };
		567AAEA226FA9AB90089F7DB /* ContentView.swift */ = {isa = PBXFileReference; fileEncoding = 4; lastKnownFileType = sourcecode.swift; path = ContentView.swift; sourceTree = "<group>"; };
		567AAEA326FA9AB90089F7DB /* ContentHeaderView.swift */ = {isa = PBXFileReference; fileEncoding = 4; lastKnownFileType = sourcecode.swift; path = ContentHeaderView.swift; sourceTree = "<group>"; };
/* End PBXFileReference section */

/* Begin PBXFrameworksBuildPhase section */
		567AAE7526FA9A020089F7DB /* Frameworks */ = {
			isa = PBXFrameworksBuildPhase;
			buildActionMask = 2147483647;
			files = (
			);
			runOnlyForDeploymentPostprocessing = 0;
		};
		567AAE7D26FA9A020089F7DB /* Frameworks */ = {
			isa = PBXFrameworksBuildPhase;
			buildActionMask = 2147483647;
			files = (
			);
			runOnlyForDeploymentPostprocessing = 0;
		};
/* End PBXFrameworksBuildPhase section */

/* Begin PBXGroup section */
		567AAE6B26FA9A000089F7DB = {
			isa = PBXGroup;
			children = (
				567AAE7026FA9A000089F7DB /* Shared */,
				567AAE7A26FA9A020089F7DB /* iOS */,
				567AAE8126FA9A020089F7DB /* macOS */,
				567AAE7926FA9A020089F7DB /* Products */,
			);
			sourceTree = "<group>";
		};
		567AAE7026FA9A000089F7DB /* Shared */ = {
			isa = PBXGroup;
			children = (
				567AAE7126FA9A000089F7DB /* HuliPizzaMultiApp.swift */,
				567AAEA326FA9AB90089F7DB /* ContentHeaderView.swift */,
				567AAEA226FA9AB90089F7DB /* ContentView.swift */,
				567AAEA126FA9AB90089F7DB /* ListHeaderView.swift */,
				567AAE9426FA9AB90089F7DB /* MenuView */,
				567AAE9D26FA9AB90089F7DB /* Model */,
				567AAE9A26FA9AB90089F7DB /* OrderView */,
				567AAE9226FA9AB80089F7DB /* PageTitleView.swift */,
				567AAE9326FA9AB80089F7DB /* SelectedImageView.swift */,
				567AAE7326FA9A020089F7DB /* Assets.xcassets */,
			);
			path = Shared;
			sourceTree = "<group>";
		};
		567AAE7926FA9A020089F7DB /* Products */ = {
			isa = PBXGroup;
			children = (
				567AAE7826FA9A020089F7DB /* HuliPizzaMulti.app */,
				567AAE8026FA9A020089F7DB /* HuliPizzaMulti.app */,
			);
			name = Products;
			sourceTree = "<group>";
		};
		567AAE7A26FA9A020089F7DB /* iOS */ = {
			isa = PBXGroup;
			children = (
				567AAE7B26FA9A020089F7DB /* Info.plist */,
			);
			path = iOS;
			sourceTree = "<group>";
		};
		567AAE8126FA9A020089F7DB /* macOS */ = {
			isa = PBXGroup;
			children = (
				567AAE8226FA9A020089F7DB /* Info.plist */,
				567AAE8326FA9A020089F7DB /* macOS.entitlements */,
			);
			path = macOS;
			sourceTree = "<group>";
		};
		567AAE9426FA9AB90089F7DB /* MenuView */ = {
			isa = PBXGroup;
			children = (
				567AAE9526FA9AB90089F7DB /* MenuRowView.swift */,
				567AAE9626FA9AB90089F7DB /* RatingsView.swift */,
				567AAE9726FA9AB90089F7DB /* MenuListView.swift */,
				567AAE9826FA9AB90089F7DB /* MenuDetailView.swift */,
				567AAE9926FA9AB90089F7DB /* ConfirmView.swift */,
			);
			path = MenuView;
			sourceTree = "<group>";
		};
		567AAE9A26FA9AB90089F7DB /* OrderView */ = {
			isa = PBXGroup;
			children = (
				567AAE9B26FA9AB90089F7DB /* OrderListView.swift */,
				567AAE9C26FA9AB90089F7DB /* OrderRowView.swift */,
			);
			path = OrderView;
			sourceTree = "<group>";
		};
		567AAE9D26FA9AB90089F7DB /* Model */ = {
			isa = PBXGroup;
			children = (
				567AAE9E26FA9AB90089F7DB /* OrderModel.swift */,
				567AAE9F26FA9AB90089F7DB /* HistoryModel.swift */,
				567AAEA026FA9AB90089F7DB /* MenuModel.swift */,
			);
			path = Model;
			sourceTree = "<group>";
		};
/* End PBXGroup section */

/* Begin PBXNativeTarget section */
		567AAE7726FA9A020089F7DB /* HuliPizzaMulti (iOS) */ = {
			isa = PBXNativeTarget;
			buildConfigurationList = 567AAE8C26FA9A020089F7DB /* Build configuration list for PBXNativeTarget "HuliPizzaMulti (iOS)" */;
			buildPhases = (
				567AAE7426FA9A020089F7DB /* Sources */,
				567AAE7526FA9A020089F7DB /* Frameworks */,
				567AAE7626FA9A020089F7DB /* Resources */,
			);
			buildRules = (
			);
			dependencies = (
			);
			name = "HuliPizzaMulti (iOS)";
			productName = "HuliPizzaMulti (iOS)";
			productReference = 567AAE7826FA9A020089F7DB /* HuliPizzaMulti.app */;
			productType = "com.apple.product-type.application";
		};
		567AAE7F26FA9A020089F7DB /* HuliPizzaMulti (macOS) */ = {
			isa = PBXNativeTarget;
			buildConfigurationList = 567AAE8F26FA9A020089F7DB /* Build configuration list for PBXNativeTarget "HuliPizzaMulti (macOS)" */;
			buildPhases = (
				567AAE7C26FA9A020089F7DB /* Sources */,
				567AAE7D26FA9A020089F7DB /* Frameworks */,
				567AAE7E26FA9A020089F7DB /* Resources */,
			);
			buildRules = (
			);
			dependencies = (
			);
			name = "HuliPizzaMulti (macOS)";
			productName = "HuliPizzaMulti (macOS)";
			productReference = 567AAE8026FA9A020089F7DB /* HuliPizzaMulti.app */;
			productType = "com.apple.product-type.application";
		};
/* End PBXNativeTarget section */

/* Begin PBXProject section */
		567AAE6C26FA9A000089F7DB /* Project object */ = {
			isa = PBXProject;
			attributes = {
				LastSwiftUpdateCheck = 1250;
				LastUpgradeCheck = 1250;
				TargetAttributes = {
					567AAE7726FA9A020089F7DB = {
						CreatedOnToolsVersion = 12.5.1;
					};
					567AAE7F26FA9A020089F7DB = {
						CreatedOnToolsVersion = 12.5.1;
					};
				};
			};
			buildConfigurationList = 567AAE6F26FA9A000089F7DB /* Build configuration list for PBXProject "HuliPizzaMulti" */;
			compatibilityVersion = "Xcode 9.3";
			developmentRegion = en;
			hasScannedForEncodings = 0;
			knownRegions = (
				en,
				Base,
			);
			mainGroup = 567AAE6B26FA9A000089F7DB;
			productRefGroup = 567AAE7926FA9A020089F7DB /* Products */;
			projectDirPath = "";
			projectRoot = "";
			targets = (
				567AAE7726FA9A020089F7DB /* HuliPizzaMulti (iOS) */,
				567AAE7F26FA9A020089F7DB /* HuliPizzaMulti (macOS) */,
			);
		};
/* End PBXProject section */

/* Begin PBXResourcesBuildPhase section */
		567AAE7626FA9A020089F7DB /* Resources */ = {
			isa = PBXResourcesBuildPhase;
			buildActionMask = 2147483647;
			files = (
				567AAE8826FA9A020089F7DB /* Assets.xcassets in Resources */,
			);
			runOnlyForDeploymentPostprocessing = 0;
		};
		567AAE7E26FA9A020089F7DB /* Resources */ = {
			isa = PBXResourcesBuildPhase;
			buildActionMask = 2147483647;
			files = (
				567AAE8926FA9A020089F7DB /* Assets.xcassets in Resources */,
			);
			runOnlyForDeploymentPostprocessing = 0;
		};
/* End PBXResourcesBuildPhase section */

/* Begin PBXSourcesBuildPhase section */
		567AAE7426FA9A020089F7DB /* Sources */ = {
			isa = PBXSourcesBuildPhase;
			buildActionMask = 2147483647;
			files = (
				567AAEA826FA9AB90089F7DB /* MenuRowView.swift in Sources */,
				567AAEC026FA9AB90089F7DB /* ContentHeaderView.swift in Sources */,
				567AAEA426FA9AB90089F7DB /* PageTitleView.swift in Sources */,
				567AAEB226FA9AB90089F7DB /* OrderListView.swift in Sources */,
				567AAEAA26FA9AB90089F7DB /* RatingsView.swift in Sources */,
				567AAEAE26FA9AB90089F7DB /* MenuDetailView.swift in Sources */,
				567AAEAC26FA9AB90089F7DB /* MenuListView.swift in Sources */,
				567AAEB026FA9AB90089F7DB /* ConfirmView.swift in Sources */,
				567AAEBC26FA9AB90089F7DB /* ListHeaderView.swift in Sources */,
				567AAEA626FA9AB90089F7DB /* SelectedImageView.swift in Sources */,
				567AAEB826FA9AB90089F7DB /* HistoryModel.swift in Sources */,
				567AAEBA26FA9AB90089F7DB /* MenuModel.swift in Sources */,
				567AAEBE26FA9AB90089F7DB /* ContentView.swift in Sources */,
				567AAEB426FA9AB90089F7DB /* OrderRowView.swift in Sources */,
				567AAEB626FA9AB90089F7DB /* OrderModel.swift in Sources */,
				567AAE8426FA9A020089F7DB /* HuliPizzaMultiApp.swift in Sources */,
			);
			runOnlyForDeploymentPostprocessing = 0;
		};
		567AAE7C26FA9A020089F7DB /* Sources */ = {
			isa = PBXSourcesBuildPhase;
			buildActionMask = 2147483647;
			files = (
				567AAEA926FA9AB90089F7DB /* MenuRowView.swift in Sources */,
				567AAEC126FA9AB90089F7DB /* ContentHeaderView.swift in Sources */,
				567AAEA526FA9AB90089F7DB /* PageTitleView.swift in Sources */,
				567AAEB326FA9AB90089F7DB /* OrderListView.swift in Sources */,
				567AAEAB26FA9AB90089F7DB /* RatingsView.swift in Sources */,
				567AAEAF26FA9AB90089F7DB /* MenuDetailView.swift in Sources */,
				567AAEAD26FA9AB90089F7DB /* MenuListView.swift in Sources */,
				567AAEB126FA9AB90089F7DB /* ConfirmView.swift in Sources */,
				567AAEBD26FA9AB90089F7DB /* ListHeaderView.swift in Sources */,
				567AAEA726FA9AB90089F7DB /* SelectedImageView.swift in Sources */,
				567AAEB926FA9AB90089F7DB /* HistoryModel.swift in Sources */,
				567AAEBB26FA9AB90089F7DB /* MenuModel.swift in Sources */,
				567AAEBF26FA9AB90089F7DB /* ContentView.swift in Sources */,
				567AAEB526FA9AB90089F7DB /* OrderRowView.swift in Sources */,
				567AAEB726FA9AB90089F7DB /* OrderModel.swift in Sources */,
				567AAE8526FA9A020089F7DB /* HuliPizzaMultiApp.swift in Sources */,
			);
			runOnlyForDeploymentPostprocessing = 0;
		};
/* End PBXSourcesBuildPhase section */

/* Begin XCBuildConfiguration section */
		567AAE8A26FA9A020089F7DB /* Debug */ = {
			isa = XCBuildConfiguration;
			buildSettings = {
				ALWAYS_SEARCH_USER_PATHS = NO;
				CLANG_ANALYZER_NONNULL = YES;
				CLANG_ANALYZER_NUMBER_OBJECT_CONVERSION = YES_AGGRESSIVE;
				CLANG_CXX_LANGUAGE_STANDARD = "gnu++14";
				CLANG_CXX_LIBRARY = "libc++";
				CLANG_ENABLE_MODULES = YES;
				CLANG_ENABLE_OBJC_ARC = YES;
				CLANG_ENABLE_OBJC_WEAK = YES;
				CLANG_WARN_BLOCK_CAPTURE_AUTORELEASING = YES;
				CLANG_WARN_BOOL_CONVERSION = YES;
				CLANG_WARN_COMMA = YES;
				CLANG_WARN_CONSTANT_CONVERSION = YES;
				CLANG_WARN_DEPRECATED_OBJC_IMPLEMENTATIONS = YES;
				CLANG_WARN_DIRECT_OBJC_ISA_USAGE = YES_ERROR;
				CLANG_WARN_DOCUMENTATION_COMMENTS = YES;
				CLANG_WARN_EMPTY_BODY = YES;
				CLANG_WARN_ENUM_CONVERSION = YES;
				CLANG_WARN_INFINITE_RECURSION = YES;
				CLANG_WARN_INT_CONVERSION = YES;
				CLANG_WARN_NON_LITERAL_NULL_CONVERSION = YES;
				CLANG_WARN_OBJC_IMPLICIT_RETAIN_SELF = YES;
				CLANG_WARN_OBJC_LITERAL_CONVERSION = YES;
				CLANG_WARN_OBJC_ROOT_CLASS = YES_ERROR;
				CLANG_WARN_QUOTED_INCLUDE_IN_FRAMEWORK_HEADER = YES;
				CLANG_WARN_RANGE_LOOP_ANALYSIS = YES;
				CLANG_WARN_STRICT_PROTOTYPES = YES;
				CLANG_WARN_SUSPICIOUS_MOVE = YES;
				CLANG_WARN_UNGUARDED_AVAILABILITY = YES_AGGRESSIVE;
				CLANG_WARN_UNREACHABLE_CODE = YES;
				CLANG_WARN__DUPLICATE_METHOD_MATCH = YES;
				COPY_PHASE_STRIP = NO;
				DEBUG_INFORMATION_FORMAT = dwarf;
				ENABLE_STRICT_OBJC_MSGSEND = YES;
				ENABLE_TESTABILITY = YES;
				GCC_C_LANGUAGE_STANDARD = gnu11;
				GCC_DYNAMIC_NO_PIC = NO;
				GCC_NO_COMMON_BLOCKS = YES;
				GCC_OPTIMIZATION_LEVEL = 0;
				GCC_PREPROCESSOR_DEFINITIONS = (
					"DEBUG=1",
					"$(inherited)",
				);
				GCC_WARN_64_TO_32_BIT_CONVERSION = YES;
				GCC_WARN_ABOUT_RETURN_TYPE = YES_ERROR;
				GCC_WARN_UNDECLARED_SELECTOR = YES;
				GCC_WARN_UNINITIALIZED_AUTOS = YES_AGGRESSIVE;
				GCC_WARN_UNUSED_FUNCTION = YES;
				GCC_WARN_UNUSED_VARIABLE = YES;
				MTL_ENABLE_DEBUG_INFO = INCLUDE_SOURCE;
				MTL_FAST_MATH = YES;
				ONLY_ACTIVE_ARCH = YES;
				SWIFT_ACTIVE_COMPILATION_CONDITIONS = DEBUG;
				SWIFT_OPTIMIZATION_LEVEL = "-Onone";
			};
			name = Debug;
		};
		567AAE8B26FA9A020089F7DB /* Release */ = {
			isa = XCBuildConfiguration;
			buildSettings = {
				ALWAYS_SEARCH_USER_PATHS = NO;
				CLANG_ANALYZER_NONNULL = YES;
				CLANG_ANALYZER_NUMBER_OBJECT_CONVERSION = YES_AGGRESSIVE;
				CLANG_CXX_LANGUAGE_STANDARD = "gnu++14";
				CLANG_CXX_LIBRARY = "libc++";
				CLANG_ENABLE_MODULES = YES;
				CLANG_ENABLE_OBJC_ARC = YES;
				CLANG_ENABLE_OBJC_WEAK = YES;
				CLANG_WARN_BLOCK_CAPTURE_AUTORELEASING = YES;
				CLANG_WARN_BOOL_CONVERSION = YES;
				CLANG_WARN_COMMA = YES;
				CLANG_WARN_CONSTANT_CONVERSION = YES;
				CLANG_WARN_DEPRECATED_OBJC_IMPLEMENTATIONS = YES;
				CLANG_WARN_DIRECT_OBJC_ISA_USAGE = YES_ERROR;
				CLANG_WARN_DOCUMENTATION_COMMENTS = YES;
				CLANG_WARN_EMPTY_BODY = YES;
				CLANG_WARN_ENUM_CONVERSION = YES;
				CLANG_WARN_INFINITE_RECURSION = YES;
				CLANG_WARN_INT_CONVERSION = YES;
				CLANG_WARN_NON_LITERAL_NULL_CONVERSION = YES;
				CLANG_WARN_OBJC_IMPLICIT_RETAIN_SELF = YES;
				CLANG_WARN_OBJC_LITERAL_CONVERSION = YES;
				CLANG_WARN_OBJC_ROOT_CLASS = YES_ERROR;
				CLANG_WARN_QUOTED_INCLUDE_IN_FRAMEWORK_HEADER = YES;
				CLANG_WARN_RANGE_LOOP_ANALYSIS = YES;
				CLANG_WARN_STRICT_PROTOTYPES = YES;
				CLANG_WARN_SUSPICIOUS_MOVE = YES;
				CLANG_WARN_UNGUARDED_AVAILABILITY = YES_AGGRESSIVE;
				CLANG_WARN_UNREACHABLE_CODE = YES;
				CLANG_WARN__DUPLICATE_METHOD_MATCH = YES;
				COPY_PHASE_STRIP = NO;
				DEBUG_INFORMATION_FORMAT = "dwarf-with-dsym";
				ENABLE_NS_ASSERTIONS = NO;
				ENABLE_STRICT_OBJC_MSGSEND = YES;
				GCC_C_LANGUAGE_STANDARD = gnu11;
				GCC_NO_COMMON_BLOCKS = YES;
				GCC_WARN_64_TO_32_BIT_CONVERSION = YES;
				GCC_WARN_ABOUT_RETURN_TYPE = YES_ERROR;
				GCC_WARN_UNDECLARED_SELECTOR = YES;
				GCC_WARN_UNINITIALIZED_AUTOS = YES_AGGRESSIVE;
				GCC_WARN_UNUSED_FUNCTION = YES;
				GCC_WARN_UNUSED_VARIABLE = YES;
				MTL_ENABLE_DEBUG_INFO = NO;
				MTL_FAST_MATH = YES;
				SWIFT_COMPILATION_MODE = wholemodule;
				SWIFT_OPTIMIZATION_LEVEL = "-O";
			};
			name = Release;
		};
		567AAE8D26FA9A020089F7DB /* Debug */ = {
			isa = XCBuildConfiguration;
			buildSettings = {
				ASSETCATALOG_COMPILER_APPICON_NAME = AppIcon;
				ASSETCATALOG_COMPILER_GLOBAL_ACCENT_COLOR_NAME = AccentColor;
				CODE_SIGN_STYLE = Automatic;
				DEVELOPMENT_TEAM = 42VXZMD96K;
				ENABLE_PREVIEWS = YES;
				INFOPLIST_FILE = iOS/Info.plist;
				IPHONEOS_DEPLOYMENT_TARGET = 14.0;
				LD_RUNPATH_SEARCH_PATHS = (
					"$(inherited)",
					"@executable_path/Frameworks",
				);
				PRODUCT_BUNDLE_IDENTIFIER = com.hubertle.HuliPizzaMulti;
				PRODUCT_NAME = HuliPizzaMulti;
				SDKROOT = iphoneos;
				SWIFT_VERSION = 5.0;
				TARGETED_DEVICE_FAMILY = "1,2";
			};
			name = Debug;
		};
		567AAE8E26FA9A020089F7DB /* Release */ = {
			isa = XCBuildConfiguration;
			buildSettings = {
				ASSETCATALOG_COMPILER_APPICON_NAME = AppIcon;
				ASSETCATALOG_COMPILER_GLOBAL_ACCENT_COLOR_NAME = AccentColor;
				CODE_SIGN_STYLE = Automatic;
				DEVELOPMENT_TEAM = 42VXZMD96K;
				ENABLE_PREVIEWS = YES;
				INFOPLIST_FILE = iOS/Info.plist;
				IPHONEOS_DEPLOYMENT_TARGET = 14.0;
				LD_RUNPATH_SEARCH_PATHS = (
					"$(inherited)",
					"@executable_path/Frameworks",
				);
				PRODUCT_BUNDLE_IDENTIFIER = com.hubertle.HuliPizzaMulti;
				PRODUCT_NAME = HuliPizzaMulti;
				SDKROOT = iphoneos;
				SWIFT_VERSION = 5.0;
				TARGETED_DEVICE_FAMILY = "1,2";
				VALIDATE_PRODUCT = YES;
			};
			name = Release;
		};
		567AAE9026FA9A020089F7DB /* Debug */ = {
			isa = XCBuildConfiguration;
			buildSettings = {
				ASSETCATALOG_COMPILER_APPICON_NAME = AppIcon;
				ASSETCATALOG_COMPILER_GLOBAL_ACCENT_COLOR_NAME = AccentColor;
				CODE_SIGN_ENTITLEMENTS = macOS/macOS.entitlements;
				CODE_SIGN_STYLE = Automatic;
				COMBINE_HIDPI_IMAGES = YES;
				DEVELOPMENT_TEAM = 42VXZMD96K;
				ENABLE_HARDENED_RUNTIME = YES;
				ENABLE_PREVIEWS = YES;
				INFOPLIST_FILE = macOS/Info.plist;
				LD_RUNPATH_SEARCH_PATHS = (
					"$(inherited)",
					"@executable_path/../Frameworks",
				);
				MACOSX_DEPLOYMENT_TARGET = 11.0;
				PRODUCT_BUNDLE_IDENTIFIER = com.hubertle.HuliPizzaMulti;
				PRODUCT_NAME = HuliPizzaMulti;
				SDKROOT = macosx;
				SWIFT_VERSION = 5.0;
			};
			name = Debug;
		};
		567AAE9126FA9A020089F7DB /* Release */ = {
			isa = XCBuildConfiguration;
			buildSettings = {
				ASSETCATALOG_COMPILER_APPICON_NAME = AppIcon;
				ASSETCATALOG_COMPILER_GLOBAL_ACCENT_COLOR_NAME = AccentColor;
				CODE_SIGN_ENTITLEMENTS = macOS/macOS.entitlements;
				CODE_SIGN_STYLE = Automatic;
				COMBINE_HIDPI_IMAGES = YES;
				DEVELOPMENT_TEAM = 42VXZMD96K;
				ENABLE_HARDENED_RUNTIME = YES;
				ENABLE_PREVIEWS = YES;
				INFOPLIST_FILE = macOS/Info.plist;
				LD_RUNPATH_SEARCH_PATHS = (
					"$(inherited)",
					"@executable_path/../Frameworks",
				);
				MACOSX_DEPLOYMENT_TARGET = 11.0;
				PRODUCT_BUNDLE_IDENTIFIER = com.hubertle.HuliPizzaMulti;
				PRODUCT_NAME = HuliPizzaMulti;
				SDKROOT = macosx;
				SWIFT_VERSION = 5.0;
			};
			name = Release;
		};
/* End XCBuildConfiguration section */

/* Begin XCConfigurationList section */
		567AAE6F26FA9A000089F7DB /* Build configuration list for PBXProject "HuliPizzaMulti" */ = {
			isa = XCConfigurationList;
			buildConfigurations = (
				567AAE8A26FA9A020089F7DB /* Debug */,
				567AAE8B26FA9A020089F7DB /* Release */,
			);
			defaultConfigurationIsVisible = 0;
			defaultConfigurationName = Release;
		};
		567AAE8C26FA9A020089F7DB /* Build configuration list for PBXNativeTarget "HuliPizzaMulti (iOS)" */ = {
			isa = XCConfigurationList;
			buildConfigurations = (
				567AAE8D26FA9A020089F7DB /* Debug */,
				567AAE8E26FA9A020089F7DB /* Release */,
			);
			defaultConfigurationIsVisible = 0;
			defaultConfigurationName = Release;
		};
		567AAE8F26FA9A020089F7DB /* Build configuration list for PBXNativeTarget "HuliPizzaMulti (macOS)" */ = {
			isa = XCConfigurationList;
			buildConfigurations = (
				567AAE9026FA9A020089F7DB /* Debug */,
				567AAE9126FA9A020089F7DB /* Release */,
			);
			defaultConfigurationIsVisible = 0;
			defaultConfigurationName = Release;
		};
/* End XCConfigurationList section */
	};
	rootObject = 567AAE6C26FA9A000089F7DB /* Project object */;
}
